
Microsoft Visual Studio Solution File, Format Version 12.00
# Visual Studio Version 16
VisualStudioVersion = 16.0.31729.503
MinimumVisualStudioVersion = 10.0.40219.1
Project("{FAE04EC0-301F-11D3-BF4B-00C04F79EFBC}") = "APPetite.Android", "APPetite\APPetite.Android\APPetite.Android.csproj", "{7C0684A3-1116-470A-83FF-21CFEDE0DAA3}"
EndProject
Project("{FAE04EC0-301F-11D3-BF4B-00C04F79EFBC}") = "APPetite.iOS", "APPetite\APPetite.iOS\APPetite.iOS.csproj", "{0C253636-FEFA-4A2F-BE40-3500979C701F}"
EndProject
Project("{FAE04EC0-301F-11D3-BF4B-00C04F79EFBC}") = "APPetite", "APPetite\APPetite\APPetite.csproj", "{322B35D6-245A-4756-80C0-DEDE91837ADC}"
EndProject
Global
	GlobalSection(SolutionConfigurationPlatforms) = preSolution
		Debug|Any CPU = Debug|Any CPU
		Debug|iPhone = Debug|iPhone
		Debug|iPhoneSimulator = Debug|iPhoneSimulator
		Release|Any CPU = Release|Any CPU
		Release|iPhone = Release|iPhone
		Release|iPhoneSimulator = Release|iPhoneSimulator
	EndGlobalSection
	GlobalSection(ProjectConfigurationPlatforms) = postSolution
		{7C0684A3-1116-470A-83FF-21CFEDE0DAA3}.Debug|Any CPU.ActiveCfg = Debug|Any CPU
		{7C0684A3-1116-470A-83FF-21CFEDE0DAA3}.Debug|Any CPU.Build.0 = Debug|Any CPU
		{7C0684A3-1116-470A-83FF-21CFEDE0DAA3}.Debug|Any CPU.Deploy.0 = Debug|Any CPU
		{7C0684A3-1116-470A-83FF-21CFEDE0DAA3}.Debug|iPhone.ActiveCfg = Debug|Any CPU
		{7C0684A3-1116-470A-83FF-21CFEDE0DAA3}.Debug|iPhone.Build.0 = Debug|Any CPU
		{7C0684A3-1116-470A-83FF-21CFEDE0DAA3}.Debug|iPhone.Deploy.0 = Debug|Any CPU
		{7C0684A3-1116-470A-83FF-21CFEDE0DAA3}.Debug|iPhoneSimulator.ActiveCfg = Debug|Any CPU
		{7C0684A3-1116-470A-83FF-21CFEDE0DAA3}.Debug|iPhoneSimulator.Build.0 = Debug|Any CPU
		{7C0684A3-1116-470A-83FF-21CFEDE0DAA3}.Debug|iPhoneSimulator.Deploy.0 = Debug|Any CPU
		{7C0684A3-1116-470A-83FF-21CFEDE0DAA3}.Release|Any CPU.ActiveCfg = Release|Any CPU
		{7C0684A3-1116-470A-83FF-21CFEDE0DAA3}.Release|Any CPU.Build.0 = Release|Any CPU
		{7C0684A3-1116-470A-83FF-21CFEDE0DAA3}.Release|Any CPU.Deploy.0 = Release|Any CPU
		{7C0684A3-1116-470A-83FF-21CFEDE0DAA3}.Release|iPhone.ActiveCfg = Release|Any CPU
		{7C0684A3-1116-470A-83FF-21CFEDE0DAA3}.Release|iPhone.Build.0 = Release|Any CPU
		{7C0684A3-1116-470A-83FF-21CFEDE0DAA3}.Release|iPhone.Deploy.0 = Release|Any CPU
		{7C0684A3-1116-470A-83FF-21CFEDE0DAA3}.Release|iPhoneSimulator.ActiveCfg = Release|Any CPU
		{7C0684A3-1116-470A-83FF-21CFEDE0DAA3}.Release|iPhoneSimulator.Build.0 = Release|Any CPU
		{7C0684A3-1116-470A-83FF-21CFEDE0DAA3}.Release|iPhoneSimulator.Deploy.0 = Release|Any CPU
		{0C253636-FEFA-4A2F-BE40-3500979C701F}.Debug|Any CPU.ActiveCfg = Debug|iPhone
		{0C253636-FEFA-4A2F-BE40-3500979C701F}.Debug|Any CPU.Build.0 = Debug|iPhone
		{0C253636-FEFA-4A2F-BE40-3500979C701F}.Debug|Any CPU.Deploy.0 = Debug|iPhone
		{0C253636-FEFA-4A2F-BE40-3500979C701F}.Debug|iPhone.ActiveCfg = Debug|iPhone
		{0C253636-FEFA-4A2F-BE40-3500979C701F}.Debug|iPhone.Build.0 = Debug|iPhone
		{0C253636-FEFA-4A2F-BE40-3500979C701F}.Debug|iPhone.Deploy.0 = Debug|iPhone
		{0C253636-FEFA-4A2F-BE40-3500979C701F}.Debug|iPhoneSimulator.ActiveCfg = Debug|iPhoneSimulator
		{0C253636-FEFA-4A2F-BE40-3500979C701F}.Debug|iPhoneSimulator.Build.0 = Debug|iPhoneSimulator
		{0C253636-FEFA-4A2F-BE40-3500979C701F}.Debug|iPhoneSimulator.Deploy.0 = Debug|iPhoneSimulator
		{0C253636-FEFA-4A2F-BE40-3500979C701F}.Release|Any CPU.ActiveCfg = Release|iPhoneSimulator
		{0C253636-FEFA-4A2F-BE40-3500979C701F}.Release|Any CPU.Build.0 = Release|iPhoneSimulator
		{0C253636-FEFA-4A2F-BE40-3500979C701F}.Release|Any CPU.Deploy.0 = Release|iPhoneSimulator
		{0C253636-FEFA-4A2F-BE40-3500979C701F}.Release|iPhone.ActiveCfg = Release|iPhone
		{0C253636-FEFA-4A2F-BE40-3500979C701F}.Release|iPhone.Build.0 = Release|iPhone
		{0C253636-FEFA-4A2F-BE40-3500979C701F}.Release|iPhone.Deploy.0 = Release|iPhone
		{0C253636-FEFA-4A2F-BE40-3500979C701F}.Release|iPhoneSimulator.ActiveCfg = Release|iPhoneSimulator
		{0C253636-FEFA-4A2F-BE40-3500979C701F}.Release|iPhoneSimulator.Build.0 = Release|iPhoneSimulator
		{0C253636-FEFA-4A2F-BE40-3500979C701F}.Release|iPhoneSimulator.Deploy.0 = Release|iPhoneSimulator
		{322B35D6-245A-4756-80C0-DEDE91837ADC}.Debug|Any CPU.ActiveCfg = Debug|Any CPU
		{322B35D6-245A-4756-80C0-DEDE91837ADC}.Debug|Any CPU.Build.0 = Debug|Any CPU
		{322B35D6-245A-4756-80C0-DEDE91837ADC}.Debug|Any CPU.Deploy.0 = Debug|Any CPU
		{322B35D6-245A-4756-80C0-DEDE91837ADC}.Debug|iPhone.ActiveCfg = Debug|Any CPU
		{322B35D6-245A-4756-80C0-DEDE91837ADC}.Debug|iPhone.Build.0 = Debug|Any CPU
		{322B35D6-245A-4756-80C0-DEDE91837ADC}.Debug|iPhone.Deploy.0 = Debug|Any CPU
		{322B35D6-245A-4756-80C0-DEDE91837ADC}.Debug|iPhoneSimulator.ActiveCfg = Debug|Any CPU
		{322B35D6-245A-4756-80C0-DEDE91837ADC}.Debug|iPhoneSimulator.Build.0 = Debug|Any CPU
		{322B35D6-245A-4756-80C0-DEDE91837ADC}.Debug|iPhoneSimulator.Deploy.0 = Debug|Any CPU
		{322B35D6-245A-4756-80C0-DEDE91837ADC}.Release|Any CPU.ActiveCfg = Release|Any CPU
		{322B35D6-245A-4756-80C0-DEDE91837ADC}.Release|Any CPU.Build.0 = Release|Any CPU
		{322B35D6-245A-4756-80C0-DEDE91837ADC}.Release|Any CPU.Deploy.0 = Release|Any CPU
		{322B35D6-245A-4756-80C0-DEDE91837ADC}.Release|iPhone.ActiveCfg = Release|Any CPU
		{322B35D6-245A-4756-80C0-DEDE91837ADC}.Release|iPhone.Build.0 = Release|Any CPU
		{322B35D6-245A-4756-80C0-DEDE91837ADC}.Release|iPhone.Deploy.0 = Release|Any CPU
		{322B35D6-245A-4756-80C0-DEDE91837ADC}.Release|iPhoneSimulator.ActiveCfg = Release|Any CPU
		{322B35D6-245A-4756-80C0-DEDE91837ADC}.Release|iPhoneSimulator.Build.0 = Release|Any CPU
		{322B35D6-245A-4756-80C0-DEDE91837ADC}.Release|iPhoneSimulator.Deploy.0 = Release|Any CPU
	EndGlobalSection
	GlobalSection(SolutionProperties) = preSolution
		HideSolutionNode = FALSE
	EndGlobalSection
	GlobalSection(ExtensibilityGlobals) = postSolution
		SolutionGuid = {14ECAC70-7258-4EEE-8906-A23DC9A7DA9C}
	EndGlobalSection
EndGlobal
